// !$*UTF8*$!
{
	archiveVersion = 1;
	classes = {
	};
	objectVersion = 56;
	objects = {

/* Begin PBXBuildFile section */
		28CCD0572C4759FB00AF23A4 /* CrewView.swift in Sources */ = {isa = PBXBuildFile; fileRef = 28CCD0562C4759FB00AF23A4 /* CrewView.swift */; };
		5A26EFAF2C277D1B00EB8BBF /* MoonshotApp.swift in Sources */ = {isa = PBXBuildFile; fileRef = 5A26EFAE2C277D1B00EB8BBF /* MoonshotApp.swift */; };
		5A26EFB12C277D1B00EB8BBF /* ContentView.swift in Sources */ = {isa = PBXBuildFile; fileRef = 5A26EFB02C277D1B00EB8BBF /* ContentView.swift */; };
		5A26EFB32C277D1D00EB8BBF /* Assets.xcassets in Resources */ = {isa = PBXBuildFile; fileRef = 5A26EFB22C277D1D00EB8BBF /* Assets.xcassets */; };
		5A26EFB62C277D1D00EB8BBF /* Preview Assets.xcassets in Resources */ = {isa = PBXBuildFile; fileRef = 5A26EFB52C277D1D00EB8BBF /* Preview Assets.xcassets */; };
		5A6618BE2C287E5600D16C9D /* missions.json in Resources */ = {isa = PBXBuildFile; fileRef = 5A6618BD2C287E5600D16C9D /* missions.json */; };
		5A6618C02C287E5B00D16C9D /* astronauts.json in Resources */ = {isa = PBXBuildFile; fileRef = 5A6618BF2C287E5B00D16C9D /* astronauts.json */; };
		5A6618C22C287F2F00D16C9D /* Astronaut.swift in Sources */ = {isa = PBXBuildFile; fileRef = 5A6618C12C287F2F00D16C9D /* Astronaut.swift */; };
		5A6618C42C28802200D16C9D /* Bundle-Decodable.swift in Sources */ = {isa = PBXBuildFile; fileRef = 5A6618C32C28802200D16C9D /* Bundle-Decodable.swift */; };
		5A6618C62C28942500D16C9D /* Mission.swift in Sources */ = {isa = PBXBuildFile; fileRef = 5A6618C52C28942500D16C9D /* Mission.swift */; };
		5AB862A62C28A59600630A15 /* Color-Theme.swift in Sources */ = {isa = PBXBuildFile; fileRef = 5AB862A52C28A59600630A15 /* Color-Theme.swift */; };
		5AEAD7012C2A452E004169D8 /* MissionView.swift in Sources */ = {isa = PBXBuildFile; fileRef = 5AEAD7002C2A452E004169D8 /* MissionView.swift */; };
		5AEAD7032C2A4E61004169D8 /* AstronautView.swift in Sources */ = {isa = PBXBuildFile; fileRef = 5AEAD7022C2A4E61004169D8 /* AstronautView.swift */; };
/* End PBXBuildFile section */

/* Begin PBXFileReference section */
		28CCD0562C4759FB00AF23A4 /* CrewView.swift */ = {isa = PBXFileReference; lastKnownFileType = sourcecode.swift; path = CrewView.swift; sourceTree = "<group>"; };
		5A26EFAB2C277D1B00EB8BBF /* Moonshot.app */ = {isa = PBXFileReference; explicitFileType = wrapper.application; includeInIndex = 0; path = Moonshot.app; sourceTree = BUILT_PRODUCTS_DIR; };
		5A26EFAE2C277D1B00EB8BBF /* MoonshotApp.swift */ = {isa = PBXFileReference; lastKnownFileType = sourcecode.swift; path = MoonshotApp.swift; sourceTree = "<group>"; };
		5A26EFB02C277D1B00EB8BBF /* ContentView.swift */ = {isa = PBXFileReference; lastKnownFileType = sourcecode.swift; path = ContentView.swift; sourceTree = "<group>"; };
		5A26EFB22C277D1D00EB8BBF /* Assets.xcassets */ = {isa = PBXFileReference; lastKnownFileType = folder.assetcatalog; path = Assets.xcassets; sourceTree = "<group>"; };
		5A26EFB52C277D1D00EB8BBF /* Preview Assets.xcassets */ = {isa = PBXFileReference; lastKnownFileType = folder.assetcatalog; path = "Preview Assets.xcassets"; sourceTree = "<group>"; };
		5A6618BD2C287E5600D16C9D /* missions.json */ = {isa = PBXFileReference; fileEncoding = 4; lastKnownFileType = text.json; path = missions.json; sourceTree = "<group>"; };
		5A6618BF2C287E5B00D16C9D /* astronauts.json */ = {isa = PBXFileReference; fileEncoding = 4; lastKnownFileType = text.json; path = astronauts.json; sourceTree = "<group>"; };
		5A6618C12C287F2F00D16C9D /* Astronaut.swift */ = {isa = PBXFileReference; lastKnownFileType = sourcecode.swift; path = Astronaut.swift; sourceTree = "<group>"; };
		5A6618C32C28802200D16C9D /* Bundle-Decodable.swift */ = {isa = PBXFileReference; lastKnownFileType = sourcecode.swift; path = "Bundle-Decodable.swift"; sourceTree = "<group>"; };
		5A6618C52C28942500D16C9D /* Mission.swift */ = {isa = PBXFileReference; lastKnownFileType = sourcecode.swift; path = Mission.swift; sourceTree = "<group>"; };
		5AB862A52C28A59600630A15 /* Color-Theme.swift */ = {isa = PBXFileReference; lastKnownFileType = sourcecode.swift; path = "Color-Theme.swift"; sourceTree = "<group>"; };
		5AEAD7002C2A452E004169D8 /* MissionView.swift */ = {isa = PBXFileReference; lastKnownFileType = sourcecode.swift; path = MissionView.swift; sourceTree = "<group>"; };
		5AEAD7022C2A4E61004169D8 /* AstronautView.swift */ = {isa = PBXFileReference; lastKnownFileType = sourcecode.swift; path = AstronautView.swift; sourceTree = "<group>"; };
/* End PBXFileReference section */

/* Begin PBXFrameworksBuildPhase section */
		5A26EFA82C277D1B00EB8BBF /* Frameworks */ = {
			isa = PBXFrameworksBuildPhase;
			buildActionMask = 2147483647;
			files = (
			);
			runOnlyForDeploymentPostprocessing = 0;
		};
/* End PBXFrameworksBuildPhase section */

/* Begin PBXGroup section */
		5A26EFA22C277D1B00EB8BBF = {
			isa = PBXGroup;
			children = (
				5A26EFAD2C277D1B00EB8BBF /* Moonshot */,
				5A26EFAC2C277D1B00EB8BBF /* Products */,
			);
			sourceTree = "<group>";
		};
		5A26EFAC2C277D1B00EB8BBF /* Products */ = {
			isa = PBXGroup;
			children = (
				5A26EFAB2C277D1B00EB8BBF /* Moonshot.app */,
			);
			name = Products;
			sourceTree = "<group>";
		};
		5A26EFAD2C277D1B00EB8BBF /* Moonshot */ = {
			isa = PBXGroup;
			children = (
				5A26EFAE2C277D1B00EB8BBF /* MoonshotApp.swift */,
				5A26EFB02C277D1B00EB8BBF /* ContentView.swift */,
				5AEAD7002C2A452E004169D8 /* MissionView.swift */,
				28CCD0562C4759FB00AF23A4 /* CrewView.swift */,
				5AEAD7022C2A4E61004169D8 /* AstronautView.swift */,
				5AB862A52C28A59600630A15 /* Color-Theme.swift */,
				5A6618C12C287F2F00D16C9D /* Astronaut.swift */,
				5A6618C52C28942500D16C9D /* Mission.swift */,
				5A6618C32C28802200D16C9D /* Bundle-Decodable.swift */,
				5A6618BF2C287E5B00D16C9D /* astronauts.json */,
				5A6618BD2C287E5600D16C9D /* missions.json */,
				5A26EFB22C277D1D00EB8BBF /* Assets.xcassets */,
				5A26EFB42C277D1D00EB8BBF /* Preview Content */,
			);
			path = Moonshot;
			sourceTree = "<group>";
		};
		5A26EFB42C277D1D00EB8BBF /* Preview Content */ = {
			isa = PBXGroup;
			children = (
				5A26EFB52C277D1D00EB8BBF /* Preview Assets.xcassets */,
			);
			path = "Preview Content";
			sourceTree = "<group>";
		};
/* End PBXGroup section */

/* Begin PBXNativeTarget section */
		5A26EFAA2C277D1B00EB8BBF /* Moonshot */ = {
			isa = PBXNativeTarget;
			buildConfigurationList = 5A26EFB92C277D1D00EB8BBF /* Build configuration list for PBXNativeTarget "Moonshot" */;
			buildPhases = (
				5A26EFA72C277D1B00EB8BBF /* Sources */,
				5A26EFA82C277D1B00EB8BBF /* Frameworks */,
				5A26EFA92C277D1B00EB8BBF /* Resources */,
			);
			buildRules = (
			);
			dependencies = (
			);
			name = Moonshot;
			productName = Moonshot;
			productReference = 5A26EFAB2C277D1B00EB8BBF /* Moonshot.app */;
			productType = "com.apple.product-type.application";
		};
/* End PBXNativeTarget section */

/* Begin PBXProject section */
		5A26EFA32C277D1B00EB8BBF /* Project object */ = {
			isa = PBXProject;
			attributes = {
				BuildIndependentTargetsInParallel = 1;
				LastSwiftUpdateCheck = 1540;
				LastUpgradeCheck = 1540;
				TargetAttributes = {
					5A26EFAA2C277D1B00EB8BBF = {
						CreatedOnToolsVersion = 15.4;
					};
				};
			};
			buildConfigurationList = 5A26EFA62C277D1B00EB8BBF /* Build configuration list for PBXProject "Moonshot" */;
			compatibilityVersion = "Xcode 14.0";
			developmentRegion = en;
			hasScannedForEncodings = 0;
			knownRegions = (
				en,
				Base,
			);
			mainGroup = 5A26EFA22C277D1B00EB8BBF;
			productRefGroup = 5A26EFAC2C277D1B00EB8BBF /* Products */;
			projectDirPath = "";
			projectRoot = "";
			targets = (
				5A26EFAA2C277D1B00EB8BBF /* Moonshot */,
			);
		};
/* End PBXProject section */

/* Begin PBXResourcesBuildPhase section */
		5A26EFA92C277D1B00EB8BBF /* Resources */ = {
			isa = PBXResourcesBuildPhase;
			buildActionMask = 2147483647;
			files = (
				5A26EFB62C277D1D00EB8BBF /* Preview Assets.xcassets in Resources */,
				5A6618BE2C287E5600D16C9D /* missions.json in Resources */,
				5A26EFB32C277D1D00EB8BBF /* Assets.xcassets in Resources */,
				5A6618C02C287E5B00D16C9D /* astronauts.json in Resources */,
			);
			runOnlyForDeploymentPostprocessing = 0;
		};
/* End PBXResourcesBuildPhase section */

/* Begin PBXSourcesBuildPhase section */
		5A26EFA72C277D1B00EB8BBF /* Sources */ = {
			isa = PBXSourcesBuildPhase;
			buildActionMask = 2147483647;
			files = (
				5AEAD7012C2A452E004169D8 /* MissionView.swift in Sources */,
				28CCD0572C4759FB00AF23A4 /* CrewView.swift in Sources */,
				5A6618C22C287F2F00D16C9D /* Astronaut.swift in Sources */,
				5AEAD7032C2A4E61004169D8 /* AstronautView.swift in Sources */,
				5AB862A62C28A59600630A15 /* Color-Theme.swift in Sources */,
				5A26EFB12C277D1B00EB8BBF /* ContentView.swift in Sources */,
				5A26EFAF2C277D1B00EB8BBF /* MoonshotApp.swift in Sources */,
				5A6618C62C28942500D16C9D /* Mission.swift in Sources */,
				5A6618C42C28802200D16C9D /* Bundle-Decodable.swift in Sources */,
			);
			runOnlyForDeploymentPostprocessing = 0;
		};
/* End PBXSourcesBuildPhase section */

/* Begin XCBuildConfiguration section */
		5A26EFB72C277D1D00EB8BBF /* Debug */ = {
			isa = XCBuildConfiguration;
			buildSettings = {
				ALWAYS_SEARCH_USER_PATHS = NO;
				ASSETCATALOG_COMPILER_GENERATE_SWIFT_ASSET_SYMBOL_EXTENSIONS = YES;
				CLANG_ANALYZER_NONNULL = YES;
				CLANG_ANALYZER_NUMBER_OBJECT_CONVERSION = YES_AGGRESSIVE;
				CLANG_CXX_LANGUAGE_STANDARD = "gnu++20";
				CLANG_ENABLE_MODULES = YES;
				CLANG_ENABLE_OBJC_ARC = YES;
				CLANG_ENABLE_OBJC_WEAK = YES;
				CLANG_WARN_BLOCK_CAPTURE_AUTORELEASING = YES;
				CLANG_WARN_BOOL_CONVERSION = YES;
				CLANG_WARN_COMMA = YES;
				CLANG_WARN_CONSTANT_CONVERSION = YES;
				CLANG_WARN_DEPRECATED_OBJC_IMPLEMENTATIONS = YES;
				CLANG_WARN_DIRECT_OBJC_ISA_USAGE = YES_ERROR;
				CLANG_WARN_DOCUMENTATION_COMMENTS = YES;
				CLANG_WARN_EMPTY_BODY = YES;
				CLANG_WARN_ENUM_CONVERSION = YES;
				CLANG_WARN_INFINITE_RECURSION = YES;
				CLANG_WARN_INT_CONVERSION = YES;
				CLANG_WARN_NON_LITERAL_NULL_CONVERSION = YES;
				CLANG_WARN_OBJC_IMPLICIT_RETAIN_SELF = YES;
				CLANG_WARN_OBJC_LITERAL_CONVERSION = YES;
				CLANG_WARN_OBJC_ROOT_CLASS = YES_ERROR;
				CLANG_WARN_QUOTED_INCLUDE_IN_FRAMEWORK_HEADER = YES;
				CLANG_WARN_RANGE_LOOP_ANALYSIS = YES;
				CLANG_WARN_STRICT_PROTOTYPES = YES;
				CLANG_WARN_SUSPICIOUS_MOVE = YES;
				CLANG_WARN_UNGUARDED_AVAILABILITY = YES_AGGRESSIVE;
				CLANG_WARN_UNREACHABLE_CODE = YES;
				CLANG_WARN__DUPLICATE_METHOD_MATCH = YES;
				COPY_PHASE_STRIP = NO;
				DEBUG_INFORMATION_FORMAT = dwarf;
				ENABLE_STRICT_OBJC_MSGSEND = YES;
				ENABLE_TESTABILITY = YES;
				ENABLE_USER_SCRIPT_SANDBOXING = YES;
				GCC_C_LANGUAGE_STANDARD = gnu17;
				GCC_DYNAMIC_NO_PIC = NO;
				GCC_NO_COMMON_BLOCKS = YES;
				GCC_OPTIMIZATION_LEVEL = 0;
				GCC_PREPROCESSOR_DEFINITIONS = (
					"DEBUG=1",
					"$(inherited)",
				);
				GCC_WARN_64_TO_32_BIT_CONVERSION = YES;
				GCC_WARN_ABOUT_RETURN_TYPE = YES_ERROR;
				GCC_WARN_UNDECLARED_SELECTOR = YES;
				GCC_WARN_UNINITIALIZED_AUTOS = YES_AGGRESSIVE;
				GCC_WARN_UNUSED_FUNCTION = YES;
				GCC_WARN_UNUSED_VARIABLE = YES;
				IPHONEOS_DEPLOYMENT_TARGET = 17.5;
				LOCALIZATION_PREFERS_STRING_CATALOGS = YES;
				MTL_ENABLE_DEBUG_INFO = INCLUDE_SOURCE;
				MTL_FAST_MATH = YES;
				ONLY_ACTIVE_ARCH = YES;
				SDKROOT = iphoneos;
				SWIFT_ACTIVE_COMPILATION_CONDITIONS = "DEBUG $(inherited)";
				SWIFT_OPTIMIZATION_LEVEL = "-Onone";
			};
			name = Debug;
		};
		5A26EFB82C277D1D00EB8BBF /* Release */ = {
			isa = XCBuildConfiguration;
			buildSettings = {
				ALWAYS_SEARCH_USER_PATHS = NO;
				ASSETCATALOG_COMPILER_GENERATE_SWIFT_ASSET_SYMBOL_EXTENSIONS = YES;
				CLANG_ANALYZER_NONNULL = YES;
				CLANG_ANALYZER_NUMBER_OBJECT_CONVERSION = YES_AGGRESSIVE;
				CLANG_CXX_LANGUAGE_STANDARD = "gnu++20";
				CLANG_ENABLE_MODULES = YES;
				CLANG_ENABLE_OBJC_ARC = YES;
				CLANG_ENABLE_OBJC_WEAK = YES;
				CLANG_WARN_BLOCK_CAPTURE_AUTORELEASING = YES;
				CLANG_WARN_BOOL_CONVERSION = YES;
				CLANG_WARN_COMMA = YES;
				CLANG_WARN_CONSTANT_CONVERSION = YES;
				CLANG_WARN_DEPRECATED_OBJC_IMPLEMENTATIONS = YES;
				CLANG_WARN_DIRECT_OBJC_ISA_USAGE = YES_ERROR;
				CLANG_WARN_DOCUMENTATION_COMMENTS = YES;
				CLANG_WARN_EMPTY_BODY = YES;
				CLANG_WARN_ENUM_CONVERSION = YES;
				CLANG_WARN_INFINITE_RECURSION = YES;
				CLANG_WARN_INT_CONVERSION = YES;
				CLANG_WARN_NON_LITERAL_NULL_CONVERSION = YES;
				CLANG_WARN_OBJC_IMPLICIT_RETAIN_SELF = YES;
				CLANG_WARN_OBJC_LITERAL_CONVERSION = YES;
				CLANG_WARN_OBJC_ROOT_CLASS = YES_ERROR;
				CLANG_WARN_QUOTED_INCLUDE_IN_FRAMEWORK_HEADER = YES;
				CLANG_WARN_RANGE_LOOP_ANALYSIS = YES;
				CLANG_WARN_STRICT_PROTOTYPES = YES;
				CLANG_WARN_SUSPICIOUS_MOVE = YES;
				CLANG_WARN_UNGUARDED_AVAILABILITY = YES_AGGRESSIVE;
				CLANG_WARN_UNREACHABLE_CODE = YES;
				CLANG_WARN__DUPLICATE_METHOD_MATCH = YES;
				COPY_PHASE_STRIP = NO;
				DEBUG_INFORMATION_FORMAT = "dwarf-with-dsym";
				ENABLE_NS_ASSERTIONS = NO;
				ENABLE_STRICT_OBJC_MSGSEND = YES;
				ENABLE_USER_SCRIPT_SANDBOXING = YES;
				GCC_C_LANGUAGE_STANDARD = gnu17;
				GCC_NO_COMMON_BLOCKS = YES;
				GCC_WARN_64_TO_32_BIT_CONVERSION = YES;
				GCC_WARN_ABOUT_RETURN_TYPE = YES_ERROR;
				GCC_WARN_UNDECLARED_SELECTOR = YES;
				GCC_WARN_UNINITIALIZED_AUTOS = YES_AGGRESSIVE;
				GCC_WARN_UNUSED_FUNCTION = YES;
				GCC_WARN_UNUSED_VARIABLE = YES;
				IPHONEOS_DEPLOYMENT_TARGET = 17.5;
				LOCALIZATION_PREFERS_STRING_CATALOGS = YES;
				MTL_ENABLE_DEBUG_INFO = NO;
				MTL_FAST_MATH = YES;
				SDKROOT = iphoneos;
				SWIFT_COMPILATION_MODE = wholemodule;
				VALIDATE_PRODUCT = YES;
			};
			name = Release;
		};
		5A26EFBA2C277D1D00EB8BBF /* Debug */ = {
			isa = XCBuildConfiguration;
			buildSettings = {
				ASSETCATALOG_COMPILER_APPICON_NAME = AppIcon;
				ASSETCATALOG_COMPILER_GLOBAL_ACCENT_COLOR_NAME = AccentColor;
				CODE_SIGN_STYLE = Automatic;
				CURRENT_PROJECT_VERSION = 1;
				DEVELOPMENT_ASSET_PATHS = "\"Moonshot/Preview Content\"";
				DEVELOPMENT_TEAM = 69NRJ2XU59;
				ENABLE_PREVIEWS = YES;
				GENERATE_INFOPLIST_FILE = YES;
				INFOPLIST_KEY_UIApplicationSceneManifest_Generation = YES;
				INFOPLIST_KEY_UIApplicationSupportsIndirectInputEvents = YES;
				INFOPLIST_KEY_UILaunchScreen_Generation = YES;
				INFOPLIST_KEY_UISupportedInterfaceOrientations_iPad = "UIInterfaceOrientationPortrait UIInterfaceOrientationPortraitUpsideDown UIInterfaceOrientationLandscapeLeft UIInterfaceOrientationLandscapeRight";
				INFOPLIST_KEY_UISupportedInterfaceOrientations_iPhone = "UIInterfaceOrientationPortrait UIInterfaceOrientationLandscapeLeft UIInterfaceOrientationLandscapeRight";
				LD_RUNPATH_SEARCH_PATHS = (
					"$(inherited)",
					"@executable_path/Frameworks",
				);
				MARKETING_VERSION = 1.0;
				PRODUCT_BUNDLE_IDENTIFIER = com.smitristin.Moonshot;
				PRODUCT_NAME = "$(TARGET_NAME)";
				SWIFT_EMIT_LOC_STRINGS = YES;
				SWIFT_VERSION = 5.0;
				TARGETED_DEVICE_FAMILY = "1,2";
			};
			name = Debug;
		};
		5A26EFBB2C277D1D00EB8BBF /* Release */ = {
			isa = XCBuildConfiguration;
			buildSettings = {
				ASSETCATALOG_COMPILER_APPICON_NAME = AppIcon;
				ASSETCATALOG_COMPILER_GLOBAL_ACCENT_COLOR_NAME = AccentColor;
				CODE_SIGN_STYLE = Automatic;
				CURRENT_PROJECT_VERSION = 1;
				DEVELOPMENT_ASSET_PATHS = "\"Moonshot/Preview Content\"";
				DEVELOPMENT_TEAM = 69NRJ2XU59;
				ENABLE_PREVIEWS = YES;
				GENERATE_INFOPLIST_FILE = YES;
				INFOPLIST_KEY_UIApplicationSceneManifest_Generation = YES;
				INFOPLIST_KEY_UIApplicationSupportsIndirectInputEvents = YES;
				INFOPLIST_KEY_UILaunchScreen_Generation = YES;
				INFOPLIST_KEY_UISupportedInterfaceOrientations_iPad = "UIInterfaceOrientationPortrait UIInterfaceOrientationPortraitUpsideDown UIInterfaceOrientationLandscapeLeft UIInterfaceOrientationLandscapeRight";
				INFOPLIST_KEY_UISupportedInterfaceOrientations_iPhone = "UIInterfaceOrientationPortrait UIInterfaceOrientationLandscapeLeft UIInterfaceOrientationLandscapeRight";
				LD_RUNPATH_SEARCH_PATHS = (
					"$(inherited)",
					"@executable_path/Frameworks",
				);
				MARKETING_VERSION = 1.0;
				PRODUCT_BUNDLE_IDENTIFIER = com.smitristin.Moonshot;
				PRODUCT_NAME = "$(TARGET_NAME)";
				SWIFT_EMIT_LOC_STRINGS = YES;
				SWIFT_VERSION = 5.0;
				TARGETED_DEVICE_FAMILY = "1,2";
			};
			name = Release;
		};
/* End XCBuildConfiguration section */

/* Begin XCConfigurationList section */
		5A26EFA62C277D1B00EB8BBF /* Build configuration list for PBXProject "Moonshot" */ = {
			isa = XCConfigurationList;
			buildConfigurations = (
				5A26EFB72C277D1D00EB8BBF /* Debug */,
				5A26EFB82C277D1D00EB8BBF /* Release */,
			);
			defaultConfigurationIsVisible = 0;
			defaultConfigurationName = Release;
		};
		5A26EFB92C277D1D00EB8BBF /* Build configuration list for PBXNativeTarget "Moonshot" */ = {
			isa = XCConfigurationList;
			buildConfigurations = (
				5A26EFBA2C277D1D00EB8BBF /* Debug */,
				5A26EFBB2C277D1D00EB8BBF /* Release */,
			);
			defaultConfigurationIsVisible = 0;
			defaultConfigurationName = Release;
		};
/* End XCConfigurationList section */
	};
	rootObject = 5A26EFA32C277D1B00EB8BBF /* Project object */;
}
